
Microsoft Visual Studio Solution File, Format Version 12.00
# Visual Studio Version 17
VisualStudioVersion = 17.5.002.0
MinimumVisualStudioVersion = 10.0.40219.1
Project("{9A19103F-16F7-4668-BE54-9A1E7A4F7556}") = "Calculadora", "Calculadora\Calculadora.csproj", "{72C2EADA-12C7-4B7C-8DDB-67A68BD9A3CC}"
EndProject
Project("{9A19103F-16F7-4668-BE54-9A1E7A4F7556}") = "CalculadoraTestes", "CalculadoraTestes\CalculadoraTestes.csproj", "{82687EEE-0F85-4314-8E69-D364598BFC2E}"
EndProject
Global
	GlobalSection(SolutionConfigurationPlatforms) = preSolution
		Debug|Any CPU = Debug|Any CPU
		Release|Any CPU = Release|Any CPU
	EndGlobalSection
	GlobalSection(ProjectConfigurationPlatforms) = postSolution
		{72C2EADA-12C7-4B7C-8DDB-67A68BD9A3CC}.Debug|Any CPU.ActiveCfg = Debug|Any CPU
		{72C2EADA-12C7-4B7C-8DDB-67A68BD9A3CC}.Debug|Any CPU.Build.0 = Debug|Any CPU
		{72C2EADA-12C7-4B7C-8DDB-67A68BD9A3CC}.Release|Any CPU.ActiveCfg = Release|Any CPU
		{72C2EADA-12C7-4B7C-8DDB-67A68BD9A3CC}.Release|Any CPU.Build.0 = Release|Any CPU
		{82687EEE-0F85-4314-8E69-D364598BFC2E}.Debug|Any CPU.ActiveCfg = Debug|Any CPU
		{82687EEE-0F85-4314-8E69-D364598BFC2E}.Debug|Any CPU.Build.0 = Debug|Any CPU
		{82687EEE-0F85-4314-8E69-D364598BFC2E}.Release|Any CPU.ActiveCfg = Release|Any CPU
		{82687EEE-0F85-4314-8E69-D364598BFC2E}.Release|Any CPU.Build.0 = Release|Any CPU
	EndGlobalSection
	GlobalSection(SolutionProperties) = preSolution
		HideSolutionNode = FALSE
	EndGlobalSection
	GlobalSection(ExtensibilityGlobals) = postSolution
		SolutionGuid = {2A41FE3D-A13E-4CC2-8AB7-E26C54D6E6B3}
	EndGlobalSection
EndGlobal
